
Microsoft Visual Studio Solution File, Format Version 12.00
# Visual Studio Version 17
VisualStudioVersion = 17.5.002.0
MinimumVisualStudioVersion = 10.0.40219.1
Project("{9A19103F-16F7-4668-BE54-9A1E7A4F7556}") = "DesafioPOO", "DesafioPOO.csproj", "{3DB5C218-7283-42A5-A1B5-F52CA5D2DA62}"
EndProject
Global
	GlobalSection(SolutionConfigurationPlatforms) = preSolution
		Debug|Any CPU = Debug|Any CPU
		Release|Any CPU = Release|Any CPU
	EndGlobalSection
	GlobalSection(ProjectConfigurationPlatforms) = postSolution
		{3DB5C218-7283-42A5-A1B5-F52CA5D2DA62}.Debug|Any CPU.ActiveCfg = Debug|Any CPU
		{3DB5C218-7283-42A5-A1B5-F52CA5D2DA62}.Debug|Any CPU.Build.0 = Debug|Any CPU
		{3DB5C218-7283-42A5-A1B5-F52CA5D2DA62}.Release|Any CPU.ActiveCfg = Release|Any CPU
		{3DB5C218-7283-42A5-A1B5-F52CA5D2DA62}.Release|Any CPU.Build.0 = Release|Any CPU
	EndGlobalSection
	GlobalSection(SolutionProperties) = preSolution
		HideSolutionNode = FALSE
	EndGlobalSection
	GlobalSection(ExtensibilityGlobals) = postSolution
		SolutionGuid = {BF489512-411A-43FA-B8E8-EA22071BD965}
	EndGlobalSection
EndGlobal
